
Microsoft Visual Studio Solution File, Format Version 12.00
Project("{FAE04EC0-301F-11D3-BF4B-00C04F79EFBC}") = "SPaaSChallenge", "SPaaSChallenge\SPaaSChallenge.csproj", "{D625B3D0-4AA5-4AFF-904B-425DE7CCBD27}"
EndProject
Project("{FAE04EC0-301F-11D3-BF4B-00C04F79EFBC}") = "SpaasChallenge.Test", "SpaasChallenge.Test\SpaasChallenge.Test.csproj", "{B6105461-2C76-4CD3-AA07-B8F0EE165DEA}"
EndProject
Global
	GlobalSection(SolutionConfigurationPlatforms) = preSolution
		Debug|Any CPU = Debug|Any CPU
		Release|Any CPU = Release|Any CPU
	EndGlobalSection
	GlobalSection(ProjectConfigurationPlatforms) = postSolution
		{D625B3D0-4AA5-4AFF-904B-425DE7CCBD27}.Debug|Any CPU.ActiveCfg = Debug|Any CPU
		{D625B3D0-4AA5-4AFF-904B-425DE7CCBD27}.Debug|Any CPU.Build.0 = Debug|Any CPU
		{D625B3D0-4AA5-4AFF-904B-425DE7CCBD27}.Release|Any CPU.ActiveCfg = Release|Any CPU
		{D625B3D0-4AA5-4AFF-904B-425DE7CCBD27}.Release|Any CPU.Build.0 = Release|Any CPU
		{B6105461-2C76-4CD3-AA07-B8F0EE165DEA}.Debug|Any CPU.ActiveCfg = Debug|Any CPU
		{B6105461-2C76-4CD3-AA07-B8F0EE165DEA}.Debug|Any CPU.Build.0 = Debug|Any CPU
		{B6105461-2C76-4CD3-AA07-B8F0EE165DEA}.Release|Any CPU.ActiveCfg = Release|Any CPU
		{B6105461-2C76-4CD3-AA07-B8F0EE165DEA}.Release|Any CPU.Build.0 = Release|Any CPU
	EndGlobalSection
EndGlobal
